
Microsoft Visual Studio Solution File, Format Version 12.00
# Visual Studio Version 16
VisualStudioVersion = 16.0.29519.181
MinimumVisualStudioVersion = 10.0.40219.1
Project("{FAE04EC0-301F-11D3-BF4B-00C04F79EFBC}") = "SinaWeibo.Core", "SinaWeibo.Core\SinaWeibo.Core.csproj", "{C1754A3F-4306-4547-9340-236608D7F5E6}"
EndProject
Project("{FAE04EC0-301F-11D3-BF4B-00C04F79EFBC}") = "SinaWeibo.Core.Test", "SinaWeibo.Core.Test\SinaWeibo.Core.Test.csproj", "{7854D713-8075-4C65-B528-2F133F185CFE}"
EndProject
Global
	GlobalSection(SolutionConfigurationPlatforms) = preSolution
		Debug|Any CPU = Debug|Any CPU
		Release|Any CPU = Release|Any CPU
	EndGlobalSection
	GlobalSection(ProjectConfigurationPlatforms) = postSolution
		{C1754A3F-4306-4547-9340-236608D7F5E6}.Debug|Any CPU.ActiveCfg = Debug|Any CPU
		{C1754A3F-4306-4547-9340-236608D7F5E6}.Debug|Any CPU.Build.0 = Debug|Any CPU
		{C1754A3F-4306-4547-9340-236608D7F5E6}.Release|Any CPU.ActiveCfg = Release|Any CPU
		{C1754A3F-4306-4547-9340-236608D7F5E6}.Release|Any CPU.Build.0 = Release|Any CPU
		{7854D713-8075-4C65-B528-2F133F185CFE}.Debug|Any CPU.ActiveCfg = Debug|Any CPU
		{7854D713-8075-4C65-B528-2F133F185CFE}.Debug|Any CPU.Build.0 = Debug|Any CPU
		{7854D713-8075-4C65-B528-2F133F185CFE}.Release|Any CPU.ActiveCfg = Release|Any CPU
		{7854D713-8075-4C65-B528-2F133F185CFE}.Release|Any CPU.Build.0 = Release|Any CPU
	EndGlobalSection
	GlobalSection(SolutionProperties) = preSolution
		HideSolutionNode = FALSE
	EndGlobalSection
	GlobalSection(ExtensibilityGlobals) = postSolution
		SolutionGuid = {4A44B4C5-26AF-4BD9-8373-866C8C95E69E}
	EndGlobalSection
EndGlobal
